// !$*UTF8*$!
{
	archiveVersion = 1;
	classes = {
	};
	objectVersion = 50;
	objects = {

/* Begin PBXBuildFile section */
		1129C0C9212D043A0015CBE0 /* AppDelegate.swift in Sources */ = {isa = PBXBuildFile; fileRef = 1129C0C8212D043A0015CBE0 /* AppDelegate.swift */; };
		1129C0CB212D043A0015CBE0 /* ViewController.swift in Sources */ = {isa = PBXBuildFile; fileRef = 1129C0CA212D043A0015CBE0 /* ViewController.swift */; };
		1129C0CE212D043A0015CBE0 /* Main.storyboard in Resources */ = {isa = PBXBuildFile; fileRef = 1129C0CC212D043A0015CBE0 /* Main.storyboard */; };
		1129C0D0212D043B0015CBE0 /* Assets.xcassets in Resources */ = {isa = PBXBuildFile; fileRef = 1129C0CF212D043B0015CBE0 /* Assets.xcassets */; };
		1129C0D3212D043B0015CBE0 /* LaunchScreen.storyboard in Resources */ = {isa = PBXBuildFile; fileRef = 1129C0D1212D043B0015CBE0 /* LaunchScreen.storyboard */; };
		1129C0DE212D043B0015CBE0 /* my_applicationTests.swift in Sources */ = {isa = PBXBuildFile; fileRef = 1129C0DD212D043B0015CBE0 /* my_applicationTests.swift */; };
		1129C0E9212D043B0015CBE0 /* my_applicationUITests.swift in Sources */ = {isa = PBXBuildFile; fileRef = 1129C0E8212D043B0015CBE0 /* my_applicationUITests.swift */; };
/* End PBXBuildFile section */

/* Begin PBXContainerItemProxy section */
		1129C0DA212D043B0015CBE0 /* PBXContainerItemProxy */ = {
			isa = PBXContainerItemProxy;
			containerPortal = 1129C0BD212D043A0015CBE0 /* Project object */;
			proxyType = 1;
			remoteGlobalIDString = 1129C0C4212D043A0015CBE0;
			remoteInfo = my_application;
		};
		1129C0E5212D043B0015CBE0 /* PBXContainerItemProxy */ = {
			isa = PBXContainerItemProxy;
			containerPortal = 1129C0BD212D043A0015CBE0 /* Project object */;
			proxyType = 1;
			remoteGlobalIDString = 1129C0C4212D043A0015CBE0;
			remoteInfo = my_application;
		};
/* End PBXContainerItemProxy section */

/* Begin PBXFileReference section */
		1129C0C5212D043A0015CBE0 /* my_application.app */ = {isa = PBXFileReference; explicitFileType = wrapper.application; includeInIndex = 0; path = my_application.app; sourceTree = BUILT_PRODUCTS_DIR; };
		1129C0C8212D043A0015CBE0 /* AppDelegate.swift */ = {isa = PBXFileReference; lastKnownFileType = sourcecode.swift; path = AppDelegate.swift; sourceTree = "<group>"; };
		1129C0CA212D043A0015CBE0 /* ViewController.swift */ = {isa = PBXFileReference; lastKnownFileType = sourcecode.swift; path = ViewController.swift; sourceTree = "<group>"; };
		1129C0CD212D043A0015CBE0 /* Base */ = {isa = PBXFileReference; lastKnownFileType = file.storyboard; name = Base; path = Base.lproj/Main.storyboard; sourceTree = "<group>"; };
		1129C0CF212D043B0015CBE0 /* Assets.xcassets */ = {isa = PBXFileReference; lastKnownFileType = folder.assetcatalog; path = Assets.xcassets; sourceTree = "<group>"; };
		1129C0D2212D043B0015CBE0 /* Base */ = {isa = PBXFileReference; lastKnownFileType = file.storyboard; name = Base; path = Base.lproj/LaunchScreen.storyboard; sourceTree = "<group>"; };
		1129C0D4212D043B0015CBE0 /* Info.plist */ = {isa = PBXFileReference; lastKnownFileType = text.plist.xml; path = Info.plist; sourceTree = "<group>"; };
		1129C0D9212D043B0015CBE0 /* my_applicationTests.xctest */ = {isa = PBXFileReference; explicitFileType = wrapper.cfbundle; includeInIndex = 0; path = my_applicationTests.xctest; sourceTree = BUILT_PRODUCTS_DIR; };
		1129C0DD212D043B0015CBE0 /* my_applicationTests.swift */ = {isa = PBXFileReference; lastKnownFileType = sourcecode.swift; path = my_applicationTests.swift; sourceTree = "<group>"; };
		1129C0DF212D043B0015CBE0 /* Info.plist */ = {isa = PBXFileReference; lastKnownFileType = text.plist.xml; path = Info.plist; sourceTree = "<group>"; };
		1129C0E4212D043B0015CBE0 /* my_applicationUITests.xctest */ = {isa = PBXFileReference; explicitFileType = wrapper.cfbundle; includeInIndex = 0; path = my_applicationUITests.xctest; sourceTree = BUILT_PRODUCTS_DIR; };
		1129C0E8212D043B0015CBE0 /* my_applicationUITests.swift */ = {isa = PBXFileReference; lastKnownFileType = sourcecode.swift; path = my_applicationUITests.swift; sourceTree = "<group>"; };
		1129C0EA212D043B0015CBE0 /* Info.plist */ = {isa = PBXFileReference; lastKnownFileType = text.plist.xml; path = Info.plist; sourceTree = "<group>"; };
/* End PBXFileReference section */

/* Begin PBXFrameworksBuildPhase section */
		1129C0C2212D043A0015CBE0 /* Frameworks */ = {
			isa = PBXFrameworksBuildPhase;
			buildActionMask = 2147483647;
			files = (
			);
			runOnlyForDeploymentPostprocessing = 0;
		};
		1129C0D6212D043B0015CBE0 /* Frameworks */ = {
			isa = PBXFrameworksBuildPhase;
			buildActionMask = 2147483647;
			files = (
			);
			runOnlyForDeploymentPostprocessing = 0;
		};
		1129C0E1212D043B0015CBE0 /* Frameworks */ = {
			isa = PBXFrameworksBuildPhase;
			buildActionMask = 2147483647;
			files = (
			);
			runOnlyForDeploymentPostprocessing = 0;
		};
/* End PBXFrameworksBuildPhase section */

/* Begin PBXGroup section */
		1129C0BC212D043A0015CBE0 = {
			isa = PBXGroup;
			children = (
				1129C0C7212D043A0015CBE0 /* my_application */,
				1129C0DC212D043B0015CBE0 /* my_applicationTests */,
				1129C0E7212D043B0015CBE0 /* my_applicationUITests */,
				1129C0C6212D043A0015CBE0 /* Products */,
			);
			sourceTree = "<group>";
		};
		1129C0C6212D043A0015CBE0 /* Products */ = {
			isa = PBXGroup;
			children = (
				1129C0C5212D043A0015CBE0 /* my_application.app */,
				1129C0D9212D043B0015CBE0 /* my_applicationTests.xctest */,
				1129C0E4212D043B0015CBE0 /* my_applicationUITests.xctest */,
			);
			name = Products;
			sourceTree = "<group>";
		};
		1129C0C7212D043A0015CBE0 /* my_application */ = {
			isa = PBXGroup;
			children = (
				1129C0C8212D043A0015CBE0 /* AppDelegate.swift */,
				1129C0CA212D043A0015CBE0 /* ViewController.swift */,
				1129C0CC212D043A0015CBE0 /* Main.storyboard */,
				1129C0CF212D043B0015CBE0 /* Assets.xcassets */,
				1129C0D1212D043B0015CBE0 /* LaunchScreen.storyboard */,
				1129C0D4212D043B0015CBE0 /* Info.plist */,
			);
			path = my_application;
			sourceTree = "<group>";
		};
		1129C0DC212D043B0015CBE0 /* my_applicationTests */ = {
			isa = PBXGroup;
			children = (
				1129C0DD212D043B0015CBE0 /* my_applicationTests.swift */,
				1129C0DF212D043B0015CBE0 /* Info.plist */,
			);
			path = my_applicationTests;
			sourceTree = "<group>";
		};
		1129C0E7212D043B0015CBE0 /* my_applicationUITests */ = {
			isa = PBXGroup;
			children = (
				1129C0E8212D043B0015CBE0 /* my_applicationUITests.swift */,
				1129C0EA212D043B0015CBE0 /* Info.plist */,
			);
			path = my_applicationUITests;
			sourceTree = "<group>";
		};
/* End PBXGroup section */

/* Begin PBXNativeTarget section */
		1129C0C4212D043A0015CBE0 /* my_application */ = {
			isa = PBXNativeTarget;
			buildConfigurationList = 1129C0ED212D043B0015CBE0 /* Build configuration list for PBXNativeTarget "my_application" */;
			buildPhases = (
				1129C0C1212D043A0015CBE0 /* Sources */,
				1129C0C2212D043A0015CBE0 /* Frameworks */,
				1129C0C3212D043A0015CBE0 /* Resources */,
			);
			buildRules = (
			);
			dependencies = (
			);
			name = my_application;
			productName = my_application;
			productReference = 1129C0C5212D043A0015CBE0 /* my_application.app */;
			productType = "com.apple.product-type.application";
		};
		1129C0D8212D043B0015CBE0 /* my_applicationTests */ = {
			isa = PBXNativeTarget;
			buildConfigurationList = 1129C0F0212D043B0015CBE0 /* Build configuration list for PBXNativeTarget "my_applicationTests" */;
			buildPhases = (
				1129C0D5212D043B0015CBE0 /* Sources */,
				1129C0D6212D043B0015CBE0 /* Frameworks */,
				1129C0D7212D043B0015CBE0 /* Resources */,
			);
			buildRules = (
			);
			dependencies = (
				1129C0DB212D043B0015CBE0 /* PBXTargetDependency */,
			);
			name = my_applicationTests;
			productName = my_applicationTests;
			productReference = 1129C0D9212D043B0015CBE0 /* my_applicationTests.xctest */;
			productType = "com.apple.product-type.bundle.unit-test";
		};
		1129C0E3212D043B0015CBE0 /* my_applicationUITests */ = {
			isa = PBXNativeTarget;
			buildConfigurationList = 1129C0F3212D043B0015CBE0 /* Build configuration list for PBXNativeTarget "my_applicationUITests" */;
			buildPhases = (
				1129C0E0212D043B0015CBE0 /* Sources */,
				1129C0E1212D043B0015CBE0 /* Frameworks */,
				1129C0E2212D043B0015CBE0 /* Resources */,
			);
			buildRules = (
			);
			dependencies = (
				1129C0E6212D043B0015CBE0 /* PBXTargetDependency */,
			);
			name = my_applicationUITests;
			productName = my_applicationUITests;
			productReference = 1129C0E4212D043B0015CBE0 /* my_applicationUITests.xctest */;
			productType = "com.apple.product-type.bundle.ui-testing";
		};
/* End PBXNativeTarget section */

/* Begin PBXProject section */
		1129C0BD212D043A0015CBE0 /* Project object */ = {
			isa = PBXProject;
			attributes = {
				LastSwiftUpdateCheck = 0940;
				LastUpgradeCheck = 0940;
				ORGANIZATIONNAME = user913027;
				TargetAttributes = {
					1129C0C4212D043A0015CBE0 = {
						CreatedOnToolsVersion = 9.4.1;
					};
					1129C0D8212D043B0015CBE0 = {
						CreatedOnToolsVersion = 9.4.1;
						TestTargetID = 1129C0C4212D043A0015CBE0;
					};
					1129C0E3212D043B0015CBE0 = {
						CreatedOnToolsVersion = 9.4.1;
						TestTargetID = 1129C0C4212D043A0015CBE0;
					};
				};
			};
			buildConfigurationList = 1129C0C0212D043A0015CBE0 /* Build configuration list for PBXProject "my_application" */;
			compatibilityVersion = "Xcode 9.3";
			developmentRegion = en;
			hasScannedForEncodings = 0;
			knownRegions = (
				en,
				Base,
			);
			mainGroup = 1129C0BC212D043A0015CBE0;
			productRefGroup = 1129C0C6212D043A0015CBE0 /* Products */;
			projectDirPath = "";
			projectRoot = "";
			targets = (
				1129C0C4212D043A0015CBE0 /* my_application */,
				1129C0D8212D043B0015CBE0 /* my_applicationTests */,
				1129C0E3212D043B0015CBE0 /* my_applicationUITests */,
			);
		};
/* End PBXProject section */

/* Begin PBXResourcesBuildPhase section */
		1129C0C3212D043A0015CBE0 /* Resources */ = {
			isa = PBXResourcesBuildPhase;
			buildActionMask = 2147483647;
			files = (
				1129C0D3212D043B0015CBE0 /* LaunchScreen.storyboard in Resources */,
				1129C0D0212D043B0015CBE0 /* Assets.xcassets in Resources */,
				1129C0CE212D043A0015CBE0 /* Main.storyboard in Resources */,
			);
			runOnlyForDeploymentPostprocessing = 0;
		};
		1129C0D7212D043B0015CBE0 /* Resources */ = {
			isa = PBXResourcesBuildPhase;
			buildActionMask = 2147483647;
			files = (
			);
			runOnlyForDeploymentPostprocessing = 0;
		};
		1129C0E2212D043B0015CBE0 /* Resources */ = {
			isa = PBXResourcesBuildPhase;
			buildActionMask = 2147483647;
			files = (
			);
			runOnlyForDeploymentPostprocessing = 0;
		};
/* End PBXResourcesBuildPhase section */

/* Begin PBXSourcesBuildPhase section */
		1129C0C1212D043A0015CBE0 /* Sources */ = {
			isa = PBXSourcesBuildPhase;
			buildActionMask = 2147483647;
			files = (
				1129C0CB212D043A0015CBE0 /* ViewController.swift in Sources */,
				1129C0C9212D043A0015CBE0 /* AppDelegate.swift in Sources */,
			);
			runOnlyForDeploymentPostprocessing = 0;
		};
		1129C0D5212D043B0015CBE0 /* Sources */ = {
			isa = PBXSourcesBuildPhase;
			buildActionMask = 2147483647;
			files = (
				1129C0DE212D043B0015CBE0 /* my_applicationTests.swift in Sources */,
			);
			runOnlyForDeploymentPostprocessing = 0;
		};
		1129C0E0212D043B0015CBE0 /* Sources */ = {
			isa = PBXSourcesBuildPhase;
			buildActionMask = 2147483647;
			files = (
				1129C0E9212D043B0015CBE0 /* my_applicationUITests.swift in Sources */,
			);
			runOnlyForDeploymentPostprocessing = 0;
		};
/* End PBXSourcesBuildPhase section */

/* Begin PBXTargetDependency section */
		1129C0DB212D043B0015CBE0 /* PBXTargetDependency */ = {
			isa = PBXTargetDependency;
			target = 1129C0C4212D043A0015CBE0 /* my_application */;
			targetProxy = 1129C0DA212D043B0015CBE0 /* PBXContainerItemProxy */;
		};
		1129C0E6212D043B0015CBE0 /* PBXTargetDependency */ = {
			isa = PBXTargetDependency;
			target = 1129C0C4212D043A0015CBE0 /* my_application */;
			targetProxy = 1129C0E5212D043B0015CBE0 /* PBXContainerItemProxy */;
		};
/* End PBXTargetDependency section */

/* Begin PBXVariantGroup section */
		1129C0CC212D043A0015CBE0 /* Main.storyboard */ = {
			isa = PBXVariantGroup;
			children = (
				1129C0CD212D043A0015CBE0 /* Base */,
			);
			name = Main.storyboard;
			sourceTree = "<group>";
		};
		1129C0D1212D043B0015CBE0 /* LaunchScreen.storyboard */ = {
			isa = PBXVariantGroup;
			children = (
				1129C0D2212D043B0015CBE0 /* Base */,
			);
			name = LaunchScreen.storyboard;
			sourceTree = "<group>";
		};
/* End PBXVariantGroup section */

/* Begin XCBuildConfiguration section */
		1129C0EB212D043B0015CBE0 /* Debug */ = {
			isa = XCBuildConfiguration;
			buildSettings = {
				ALWAYS_SEARCH_USER_PATHS = NO;
				CLANG_ANALYZER_NONNULL = YES;
				CLANG_ANALYZER_NUMBER_OBJECT_CONVERSION = YES_AGGRESSIVE;
				CLANG_CXX_LANGUAGE_STANDARD = "gnu++14";
				CLANG_CXX_LIBRARY = "libc++";
				CLANG_ENABLE_MODULES = YES;
				CLANG_ENABLE_OBJC_ARC = YES;
				CLANG_ENABLE_OBJC_WEAK = YES;
				CLANG_WARN_BLOCK_CAPTURE_AUTORELEASING = YES;
				CLANG_WARN_BOOL_CONVERSION = YES;
				CLANG_WARN_COMMA = YES;
				CLANG_WARN_CONSTANT_CONVERSION = YES;
				CLANG_WARN_DEPRECATED_OBJC_IMPLEMENTATIONS = YES;
				CLANG_WARN_DIRECT_OBJC_ISA_USAGE = YES_ERROR;
				CLANG_WARN_DOCUMENTATION_COMMENTS = YES;
				CLANG_WARN_EMPTY_BODY = YES;
				CLANG_WARN_ENUM_CONVERSION = YES;
				CLANG_WARN_INFINITE_RECURSION = YES;
				CLANG_WARN_INT_CONVERSION = YES;
				CLANG_WARN_NON_LITERAL_NULL_CONVERSION = YES;
				CLANG_WARN_OBJC_IMPLICIT_RETAIN_SELF = YES;
				CLANG_WARN_OBJC_LITERAL_CONVERSION = YES;
				CLANG_WARN_OBJC_ROOT_CLASS = YES_ERROR;
				CLANG_WARN_RANGE_LOOP_ANALYSIS = YES;
				CLANG_WARN_STRICT_PROTOTYPES = YES;
				CLANG_WARN_SUSPICIOUS_MOVE = YES;
				CLANG_WARN_UNGUARDED_AVAILABILITY = YES_AGGRESSIVE;
				CLANG_WARN_UNREACHABLE_CODE = YES;
				CLANG_WARN__DUPLICATE_METHOD_MATCH = YES;
				CODE_SIGN_IDENTITY = "iPhone Developer";
				COPY_PHASE_STRIP = NO;
				DEBUG_INFORMATION_FORMAT = dwarf;
				ENABLE_STRICT_OBJC_MSGSEND = YES;
				ENABLE_TESTABILITY = YES;
				GCC_C_LANGUAGE_STANDARD = gnu11;
				GCC_DYNAMIC_NO_PIC = NO;
				GCC_NO_COMMON_BLOCKS = YES;
				GCC_OPTIMIZATION_LEVEL = 0;
				GCC_PREPROCESSOR_DEFINITIONS = (
					"DEBUG=1",
					"$(inherited)",
				);
				GCC_WARN_64_TO_32_BIT_CONVERSION = YES;
				GCC_WARN_ABOUT_RETURN_TYPE = YES_ERROR;
				GCC_WARN_UNDECLARED_SELECTOR = YES;
				GCC_WARN_UNINITIALIZED_AUTOS = YES_AGGRESSIVE;
				GCC_WARN_UNUSED_FUNCTION = YES;
				GCC_WARN_UNUSED_VARIABLE = YES;
				IPHONEOS_DEPLOYMENT_TARGET = 11.4;
				MTL_ENABLE_DEBUG_INFO = YES;
				ONLY_ACTIVE_ARCH = YES;
				SDKROOT = iphoneos;
				SWIFT_ACTIVE_COMPILATION_CONDITIONS = DEBUG;
				SWIFT_OPTIMIZATION_LEVEL = "-Onone";
			};
			name = Debug;
		};
		1129C0EC212D043B0015CBE0 /* Release */ = {
			isa = XCBuildConfiguration;
			buildSettings = {
				ALWAYS_SEARCH_USER_PATHS = NO;
				CLANG_ANALYZER_NONNULL = YES;
				CLANG_ANALYZER_NUMBER_OBJECT_CONVERSION = YES_AGGRESSIVE;
				CLANG_CXX_LANGUAGE_STANDARD = "gnu++14";
				CLANG_CXX_LIBRARY = "libc++";
				CLANG_ENABLE_MODULES = YES;
				CLANG_ENABLE_OBJC_ARC = YES;
				CLANG_ENABLE_OBJC_WEAK = YES;
				CLANG_WARN_BLOCK_CAPTURE_AUTORELEASING = YES;
				CLANG_WARN_BOOL_CONVERSION = YES;
				CLANG_WARN_COMMA = YES;
				CLANG_WARN_CONSTANT_CONVERSION = YES;
				CLANG_WARN_DEPRECATED_OBJC_IMPLEMENTATIONS = YES;
				CLANG_WARN_DIRECT_OBJC_ISA_USAGE = YES_ERROR;
				CLANG_WARN_DOCUMENTATION_COMMENTS = YES;
				CLANG_WARN_EMPTY_BODY = YES;
				CLANG_WARN_ENUM_CONVERSION = YES;
				CLANG_WARN_INFINITE_RECURSION = YES;
				CLANG_WARN_INT_CONVERSION = YES;
				CLANG_WARN_NON_LITERAL_NULL_CONVERSION = YES;
				CLANG_WARN_OBJC_IMPLICIT_RETAIN_SELF = YES;
				CLANG_WARN_OBJC_LITERAL_CONVERSION = YES;
				CLANG_WARN_OBJC_ROOT_CLASS = YES_ERROR;
				CLANG_WARN_RANGE_LOOP_ANALYSIS = YES;
				CLANG_WARN_STRICT_PROTOTYPES = YES;
				CLANG_WARN_SUSPICIOUS_MOVE = YES;
				CLANG_WARN_UNGUARDED_AVAILABILITY = YES_AGGRESSIVE;
				CLANG_WARN_UNREACHABLE_CODE = YES;
				CLANG_WARN__DUPLICATE_METHOD_MATCH = YES;
				CODE_SIGN_IDENTITY = "iPhone Developer";
				COPY_PHASE_STRIP = NO;
				DEBUG_INFORMATION_FORMAT = "dwarf-with-dsym";
				ENABLE_NS_ASSERTIONS = NO;
				ENABLE_STRICT_OBJC_MSGSEND = YES;
				GCC_C_LANGUAGE_STANDARD = gnu11;
				GCC_NO_COMMON_BLOCKS = YES;
				GCC_WARN_64_TO_32_BIT_CONVERSION = YES;
				GCC_WARN_ABOUT_RETURN_TYPE = YES_ERROR;
				GCC_WARN_UNDECLARED_SELECTOR = YES;
				GCC_WARN_UNINITIALIZED_AUTOS = YES_AGGRESSIVE;
				GCC_WARN_UNUSED_FUNCTION = YES;
				GCC_WARN_UNUSED_VARIABLE = YES;
				IPHONEOS_DEPLOYMENT_TARGET = 11.4;
				MTL_ENABLE_DEBUG_INFO = NO;
				SDKROOT = iphoneos;
				SWIFT_COMPILATION_MODE = wholemodule;
				SWIFT_OPTIMIZATION_LEVEL = "-O";
				VALIDATE_PRODUCT = YES;
			};
			name = Release;
		};
		1129C0EE212D043B0015CBE0 /* Debug */ = {
			isa = XCBuildConfiguration;
			buildSettings = {
				ASSETCATALOG_COMPILER_APPICON_NAME = AppIcon;
				CODE_SIGN_STYLE = Automatic;
				INFOPLIST_FILE = my_application/Info.plist;
				LD_RUNPATH_SEARCH_PATHS = (
					"$(inherited)",
					"@executable_path/Frameworks",
				);
				PRODUCT_BUNDLE_IDENTIFIER = "com.example.my-application";
				PRODUCT_NAME = "$(TARGET_NAME)";
				SWIFT_VERSION = 4.0;
				TARGETED_DEVICE_FAMILY = "1,2";
			};
			name = Debug;
		};
		1129C0EF212D043B0015CBE0 /* Release */ = {
			isa = XCBuildConfiguration;
			buildSettings = {
				ASSETCATALOG_COMPILER_APPICON_NAME = AppIcon;
				CODE_SIGN_STYLE = Automatic;
				INFOPLIST_FILE = my_application/Info.plist;
				LD_RUNPATH_SEARCH_PATHS = (
					"$(inherited)",
					"@executable_path/Frameworks",
				);
				PRODUCT_BUNDLE_IDENTIFIER = "com.example.my-application";
				PRODUCT_NAME = "$(TARGET_NAME)";
				SWIFT_VERSION = 4.0;
				TARGETED_DEVICE_FAMILY = "1,2";
			};
			name = Release;
		};
		1129C0F1212D043B0015CBE0 /* Debug */ = {
			isa = XCBuildConfiguration;
			buildSettings = {
				ALWAYS_EMBED_SWIFT_STANDARD_LIBRARIES = YES;
				BUNDLE_LOADER = "$(TEST_HOST)";
				CODE_SIGN_STYLE = Automatic;
				INFOPLIST_FILE = my_applicationTests/Info.plist;
				LD_RUNPATH_SEARCH_PATHS = (
					"$(inherited)",
					"@executable_path/Frameworks",
					"@loader_path/Frameworks",
				);
				PRODUCT_BUNDLE_IDENTIFIER = "com.example.my-applicationTests";
				PRODUCT_NAME = "$(TARGET_NAME)";
				SWIFT_VERSION = 4.0;
				TARGETED_DEVICE_FAMILY = "1,2";
				TEST_HOST = "$(BUILT_PRODUCTS_DIR)/my_application.app/my_application";
			};
			name = Debug;
		};
		1129C0F2212D043B0015CBE0 /* Release */ = {
			isa = XCBuildConfiguration;
			buildSettings = {
				ALWAYS_EMBED_SWIFT_STANDARD_LIBRARIES = YES;
				BUNDLE_LOADER = "$(TEST_HOST)";
				CODE_SIGN_STYLE = Automatic;
				INFOPLIST_FILE = my_applicationTests/Info.plist;
				LD_RUNPATH_SEARCH_PATHS = (
					"$(inherited)",
					"@executable_path/Frameworks",
					"@loader_path/Frameworks",
				);
				PRODUCT_BUNDLE_IDENTIFIER = "com.example.my-applicationTests";
				PRODUCT_NAME = "$(TARGET_NAME)";
				SWIFT_VERSION = 4.0;
				TARGETED_DEVICE_FAMILY = "1,2";
				TEST_HOST = "$(BUILT_PRODUCTS_DIR)/my_application.app/my_application";
			};
			name = Release;
		};
		1129C0F4212D043B0015CBE0 /* Debug */ = {
			isa = XCBuildConfiguration;
			buildSettings = {
				ALWAYS_EMBED_SWIFT_STANDARD_LIBRARIES = YES;
				CODE_SIGN_STYLE = Automatic;
				INFOPLIST_FILE = my_applicationUITests/Info.plist;
				LD_RUNPATH_SEARCH_PATHS = (
					"$(inherited)",
					"@executable_path/Frameworks",
					"@loader_path/Frameworks",
				);
				PRODUCT_BUNDLE_IDENTIFIER = "com.example.my-applicationUITests";
				PRODUCT_NAME = "$(TARGET_NAME)";
				SWIFT_VERSION = 4.0;
				TARGETED_DEVICE_FAMILY = "1,2";
				TEST_TARGET_NAME = my_application;
			};
			name = Debug;
		};
		1129C0F5212D043B0015CBE0 /* Release */ = {
			isa = XCBuildConfiguration;
			buildSettings = {
				ALWAYS_EMBED_SWIFT_STANDARD_LIBRARIES = YES;
				CODE_SIGN_STYLE = Automatic;
				INFOPLIST_FILE = my_applicationUITests/Info.plist;
				LD_RUNPATH_SEARCH_PATHS = (
					"$(inherited)",
					"@executable_path/Frameworks",
					"@loader_path/Frameworks",
				);
				PRODUCT_BUNDLE_IDENTIFIER = "com.example.my-applicationUITests";
				PRODUCT_NAME = "$(TARGET_NAME)";
				SWIFT_VERSION = 4.0;
				TARGETED_DEVICE_FAMILY = "1,2";
				TEST_TARGET_NAME = my_application;
			};
			name = Release;
		};
/* End XCBuildConfiguration section */

/* Begin XCConfigurationList section */
		1129C0C0212D043A0015CBE0 /* Build configuration list for PBXProject "my_application" */ = {
			isa = XCConfigurationList;
			buildConfigurations = (
				1129C0EB212D043B0015CBE0 /* Debug */,
				1129C0EC212D043B0015CBE0 /* Release */,
			);
			defaultConfigurationIsVisible = 0;
			defaultConfigurationName = Release;
		};
		1129C0ED212D043B0015CBE0 /* Build configuration list for PBXNativeTarget "my_application" */ = {
			isa = XCConfigurationList;
			buildConfigurations = (
				1129C0EE212D043B0015CBE0 /* Debug */,
				1129C0EF212D043B0015CBE0 /* Release */,
			);
			defaultConfigurationIsVisible = 0;
			defaultConfigurationName = Release;
		};
		1129C0F0212D043B0015CBE0 /* Build configuration list for PBXNativeTarget "my_applicationTests" */ = {
			isa = XCConfigurationList;
			buildConfigurations = (
				1129C0F1212D043B0015CBE0 /* Debug */,
				1129C0F2212D043B0015CBE0 /* Release */,
			);
			defaultConfigurationIsVisible = 0;
			defaultConfigurationName = Release;
		};
		1129C0F3212D043B0015CBE0 /* Build configuration list for PBXNativeTarget "my_applicationUITests" */ = {
			isa = XCConfigurationList;
			buildConfigurations = (
				1129C0F4212D043B0015CBE0 /* Debug */,
				1129C0F5212D043B0015CBE0 /* Release */,
			);
			defaultConfigurationIsVisible = 0;
			defaultConfigurationName = Release;
		};
/* End XCConfigurationList section */
	};
	rootObject = 1129C0BD212D043A0015CBE0 /* Project object */;
}
